
Microsoft Visual Studio Solution File, Format Version 12.00
# Visual Studio Version 17
VisualStudioVersion = 17.13.35931.197 d17.13
MinimumVisualStudioVersion = 10.0.40219.1
Project("{FAE04EC0-301F-11D3-BF4B-00C04F79EFBC}") = "ExperimentWithControls", "ExperimentWithControls\ExperimentWithControls.csproj", "{FECD3B0B-E6E6-4A08-B5E3-190B1D304776}"
EndProject
Global
	GlobalSection(SolutionConfigurationPlatforms) = preSolution
		Debug|Any CPU = Debug|Any CPU
		Release|Any CPU = Release|Any CPU
	EndGlobalSection
	GlobalSection(ProjectConfigurationPlatforms) = postSolution
		{FECD3B0B-E6E6-4A08-B5E3-190B1D304776}.Debug|Any CPU.ActiveCfg = Debug|Any CPU
		{FECD3B0B-E6E6-4A08-B5E3-190B1D304776}.Debug|Any CPU.Build.0 = Debug|Any CPU
		{FECD3B0B-E6E6-4A08-B5E3-190B1D304776}.Release|Any CPU.ActiveCfg = Release|Any CPU
		{FECD3B0B-E6E6-4A08-B5E3-190B1D304776}.Release|Any CPU.Build.0 = Release|Any CPU
	EndGlobalSection
	GlobalSection(SolutionProperties) = preSolution
		HideSolutionNode = FALSE
	EndGlobalSection
	GlobalSection(ExtensibilityGlobals) = postSolution
		SolutionGuid = {4A87D78B-EC7D-4F91-96F1-4A620400D5A9}
	EndGlobalSection
EndGlobal
